
Microsoft Visual Studio Solution File, Format Version 12.00
# Visual Studio Version 17
VisualStudioVersion = 17.5.002.0
MinimumVisualStudioVersion = 10.0.40219.1
Project("{9A19103F-16F7-4668-BE54-9A1E7A4F7556}") = "PackageBuilder", "PackageBuilder\PackageBuilder.csproj", "{E468AF9D-C3CC-4294-859D-CAE62EB25815}"
EndProject
Global
	GlobalSection(SolutionConfigurationPlatforms) = preSolution
		Debug|Any CPU = Debug|Any CPU
		Release|Any CPU = Release|Any CPU
	EndGlobalSection
	GlobalSection(ProjectConfigurationPlatforms) = postSolution
		{E468AF9D-C3CC-4294-859D-CAE62EB25815}.Debug|Any CPU.ActiveCfg = Debug|Any CPU
		{E468AF9D-C3CC-4294-859D-CAE62EB25815}.Debug|Any CPU.Build.0 = Debug|Any CPU
		{E468AF9D-C3CC-4294-859D-CAE62EB25815}.Release|Any CPU.ActiveCfg = Release|Any CPU
		{E468AF9D-C3CC-4294-859D-CAE62EB25815}.Release|Any CPU.Build.0 = Release|Any CPU
	EndGlobalSection
	GlobalSection(SolutionProperties) = preSolution
		HideSolutionNode = FALSE
	EndGlobalSection
	GlobalSection(ExtensibilityGlobals) = postSolution
		SolutionGuid = {D213547B-F86B-42E5-BD20-EDA312F203E9}
	EndGlobalSection
EndGlobal
